lockfileVersion: 5.3

specifiers:
  '@blackblock/joli-string': ^1.1.0
  magic-string: ^0.25.7
  svelte: ^3.42.1

dependencies:
  '@blackblock/joli-string': 1.1.0
  magic-string: 0.25.7
  svelte: 3.42.1

packages:

  /@blackblock/joli-string/1.1.0:
    resolution: {integrity: sha512-HiiC7m35FBLy3eiCO4xBQaQQoJ9kv3N7LX7hCqMrjl7VFJ4Obqm7qlkq0WNMOFS/B/ZwazBgY6CTInZM0qlstA==}
    dependencies:
      fast-memoize: 2.5.2
    dev: false

  /fast-memoize/2.5.2:
    resolution: {integrity: sha512-Ue0LwpDYErFbmNnZSF0UH6eImUwDmogUO1jyE+JbN2gsQz/jICm1Ve7t9QT0rNSsfJt+Hs4/S3GnsDVjL4HVrw==}
    dev: false

  /magic-string/0.25.7:
    resolution: {integrity: sha512-4CrMT5DOHTDk4HYDlzmwu4FVCcIYI8gauveasrdCu2IKIFOJ3f0v/8MDGJCDL9oD2ppz/Av1b0Nj345H9M+XIA==}
    dependencies:
      sourcemap-codec: 1.4.8
    dev: false

  /sourcemap-codec/1.4.8:
    resolution: {integrity: sha512-9NykojV5Uih4lgo5So5dtw+f0JgJX30KCNI8gwhz2J9A15wD0Ml6tjHKwf6fTSa6fAdVBdZeNOs9eJ71qCk8vA==}
    dev: false

  /svelte/3.42.1:
    resolution: {integrity: sha512-XtExLd2JAU3T7M2g/DkO3UNj/3n1WdTXrfL63OZ5nZq7nAqd9wQw+lR4Pv/wkVbrWbAIPfLDX47UjFdmnY+YtQ==}
    engines: {node: '>= 8'}
    dev: false
