lockfileVersion: 5.3

specifiers:
  '@blackblock/joli-string': ^1.1.0
  svelte: ^3.42.1

dependencies:
  '@blackblock/joli-string': 1.1.0
  svelte: 3.42.1

packages:

  /@blackblock/joli-string/1.1.0:
    resolution: {integrity: sha512-HiiC7m35FBLy3eiCO4xBQaQQoJ9kv3N7LX7hCqMrjl7VFJ4Obqm7qlkq0WNMOFS/B/ZwazBgY6CTInZM0qlstA==}
    dependencies:
      fast-memoize: 2.5.2
    dev: false

  /fast-memoize/2.5.2:
    resolution: {integrity: sha512-Ue0LwpDYErFbmNnZSF0UH6eImUwDmogUO1jyE+JbN2gsQz/jICm1Ve7t9QT0rNSsfJt+Hs4/S3GnsDVjL4HVrw==}
    dev: false

  /svelte/3.42.1:
    resolution: {integrity: sha512-XtExLd2JAU3T7M2g/DkO3UNj/3n1WdTXrfL63OZ5nZq7nAqd9wQw+lR4Pv/wkVbrWbAIPfLDX47UjFdmnY+YtQ==}
    engines: {node: '>= 8'}
    dev: false
